<?xml version="1.0" encoding="utf-8"?>
<Project ToolsVersion="4.0" xmlns="http://schemas.microsoft.com/developer/msbuild/2003">
  <ItemGroup>
    <Filter Include="Source Files">
      <UniqueIdentifier>{4FC737F1-C7A5-4376-A066-2A32D752A2FF}</UniqueIdentifier>
      <Extensions>cpp;c;cc;cxx;def;odl;idl;hpj;bat;asm;asmx</Extensions>
    </Filter>
    <Filter Include="Header Files">
      <UniqueIdentifier>{93995380-89BD-4b04-88EB-625FBE52EBFB}</UniqueIdentifier>
      <Extensions>h;hh;hpp;hxx;hm;inl;inc;xsd</Extensions>
    </Filter>
    <Filter Include="Resource Files">
      <UniqueIdentifier>{67DA6AB6-F800-4c08-8B7A-83BB121AAD01}</UniqueIdentifier>
      <Extensions>rc;ico;cur;bmp;dlg;rc2;rct;bin;rgs;gif;jpg;jpeg;jpe;resx;tiff;tif;png;wav;mfcribbon-ms</Extensions>
    </Filter>
    <Filter Include="schedule_strategy">
      <UniqueIdentifier>{8176af0c-e835-478d-8e90-1c328e233598}</UniqueIdentifier>
    </Filter>
    <Filter Include="virtual_cpu">
      <UniqueIdentifier>{ba3529a0-32d4-4b9a-b457-fa1ef216d5f9}</UniqueIdentifier>
    </Filter>
    <Filter Include="list">
      <UniqueIdentifier>{d1c2bec4-03d5-42f1-961f-8250a8c2608f}</UniqueIdentifier>
    </Filter>
  </ItemGroup>
  <ItemGroup>
    <ClCompile Include="main.cpp">
      <Filter>Source Files</Filter>
    </ClCompile>
    <ClCompile Include="schedule_strategy\fcfs.cpp">
      <Filter>schedule_strategy</Filter>
    </ClCompile>
    <ClCompile Include="schedule_strategy\rr.cpp">
      <Filter>schedule_strategy</Filter>
    </ClCompile>
    <ClCompile Include="schedule_strategy\schedule.cpp">
      <Filter>schedule_strategy</Filter>
    </ClCompile>
    <ClCompile Include="schedule_strategy\srtf.cpp">
      <Filter>schedule_strategy</Filter>
    </ClCompile>
    <ClCompile Include="schedule_simulator\schedule_monitor.cpp">
      <Filter>Header Files</Filter>
    </ClCompile>
    <ClCompile Include="virtual_cpu\virtual_cpu.cpp">
      <Filter>virtual_cpu</Filter>
    </ClCompile>
    <ClCompile Include="schedule_simulator\process_arrival_simulator.cpp">
      <Filter>Source Files</Filter>
    </ClCompile>
    <ClCompile Include="schedule_simulator\input_file_parser.cpp">
      <Filter>Source Files</Filter>
    </ClCompile>
    <ClCompile Include="schedule_simulator\schedule_simulator.cpp">
      <Filter>Source Files</Filter>
    </ClCompile>
  </ItemGroup>
  <ItemGroup>
    <ClInclude Include="list\node_iterator.h">
      <Filter>list</Filter>
    </ClInclude>
    <ClInclude Include="list\list.h">
      <Filter>list</Filter>
    </ClInclude>
    <ClInclude Include="virtual_cpu\virtual_cpu.h">
      <Filter>virtual_cpu</Filter>
    </ClInclude>
    <ClInclude Include="virtual_cpu\virtual_pcb.h">
      <Filter>virtual_cpu</Filter>
    </ClInclude>
    <ClInclude Include="schedule_strategy\schedule_strategy.h">
      <Filter>schedule_strategy</Filter>
    </ClInclude>
    <ClInclude Include="schedule_strategy\schedule_factory.h">
      <Filter>Header Files</Filter>
    </ClInclude>
    <ClInclude Include="schedule_simulator\schedule_monitor.h">
      <Filter>Header Files</Filter>
    </ClInclude>
    <ClInclude Include="schedule_simulator\schedule_simulator.h">
      <Filter>Header Files</Filter>
    </ClInclude>
    <ClInclude Include="schedule_simulator\simulation_macros.h">
      <Filter>Resource Files</Filter>
    </ClInclude>
    <ClInclude Include="schedule_simulator\process_arrival_simulator.h">
      <Filter>Header Files</Filter>
    </ClInclude>
    <ClInclude Include="schedule_simulator\input_file_parser.h">
      <Filter>Header Files</Filter>
    </ClInclude>
  </ItemGroup>
  <ItemGroup>
    <None Include="input\input10.dat">
      <Filter>Resource Files</Filter>
    </None>
    <None Include="input\input100.dat">
      <Filter>Resource Files</Filter>
    </None>
  </ItemGroup>
</Project>